// !$*UTF8*$!
{
	archiveVersion = 1;
	classes = {
	};
	objectVersion = 46;
	objects = {

/* Begin PBXBuildFile section */
		34D381901A14243A007FB8CC /* AppDelegate.swift in Sources */ = {isa = PBXBuildFile; fileRef = 34D3818F1A14243A007FB8CC /* AppDelegate.swift */; };
		34D381921A14243A007FB8CC /* ViewController.swift in Sources */ = {isa = PBXBuildFile; fileRef = 34D381911A14243A007FB8CC /* ViewController.swift */; };
		34D381951A14243A007FB8CC /* Main.storyboard in Resources */ = {isa = PBXBuildFile; fileRef = 34D381931A14243A007FB8CC /* Main.storyboard */; };
		34D381971A14243A007FB8CC /* Images.xcassets in Resources */ = {isa = PBXBuildFile; fileRef = 34D381961A14243A007FB8CC /* Images.xcassets */; };
		34D3819A1A14243A007FB8CC /* LaunchScreen.xib in Resources */ = {isa = PBXBuildFile; fileRef = 34D381981A14243A007FB8CC /* LaunchScreen.xib */; };
		34D381A61A14243A007FB8CC /* Music_Rehearsal_AppTests.swift in Sources */ = {isa = PBXBuildFile; fileRef = 34D381A51A14243A007FB8CC /* Music_Rehearsal_AppTests.swift */; };
/* End PBXBuildFile section */

/* Begin PBXContainerItemProxy section */
		34D381A01A14243A007FB8CC /* PBXContainerItemProxy */ = {
			isa = PBXContainerItemProxy;
			containerPortal = 34D381821A14243A007FB8CC /* Project object */;
			proxyType = 1;
			remoteGlobalIDString = 34D381891A14243A007FB8CC;
			remoteInfo = "Music Rehearsal App";
		};
/* End PBXContainerItemProxy section */

/* Begin PBXFileReference section */
		34D3818A1A14243A007FB8CC /* Music Rehearsal App.app */ = {isa = PBXFileReference; explicitFileType = wrapper.application; includeInIndex = 0; path = "Music Rehearsal App.app"; sourceTree = BUILT_PRODUCTS_DIR; };
		34D3818E1A14243A007FB8CC /* Info.plist */ = {isa = PBXFileReference; lastKnownFileType = text.plist.xml; path = Info.plist; sourceTree = "<group>"; };
		34D3818F1A14243A007FB8CC /* AppDelegate.swift */ = {isa = PBXFileReference; lastKnownFileType = sourcecode.swift; path = AppDelegate.swift; sourceTree = "<group>"; };
		34D381911A14243A007FB8CC /* ViewController.swift */ = {isa = PBXFileReference; lastKnownFileType = sourcecode.swift; path = ViewController.swift; sourceTree = "<group>"; };
		34D381941A14243A007FB8CC /* Base */ = {isa = PBXFileReference; lastKnownFileType = file.storyboard; name = Base; path = Base.lproj/Main.storyboard; sourceTree = "<group>"; };
		34D381961A14243A007FB8CC /* Images.xcassets */ = {isa = PBXFileReference; lastKnownFileType = folder.assetcatalog; path = Images.xcassets; sourceTree = "<group>"; };
		34D381991A14243A007FB8CC /* Base */ = {isa = PBXFileReference; lastKnownFileType = file.xib; name = Base; path = Base.lproj/LaunchScreen.xib; sourceTree = "<group>"; };
		34D3819F1A14243A007FB8CC /* Music Rehearsal AppTests.xctest */ = {isa = PBXFileReference; explicitFileType = wrapper.cfbundle; includeInIndex = 0; path = "Music Rehearsal AppTests.xctest"; sourceTree = BUILT_PRODUCTS_DIR; };
		34D381A41A14243A007FB8CC /* Info.plist */ = {isa = PBXFileReference; lastKnownFileType = text.plist.xml; path = Info.plist; sourceTree = "<group>"; };
		34D381A51A14243A007FB8CC /* Music_Rehearsal_AppTests.swift */ = {isa = PBXFileReference; lastKnownFileType = sourcecode.swift; path = Music_Rehearsal_AppTests.swift; sourceTree = "<group>"; };
/* End PBXFileReference section */

/* Begin PBXFrameworksBuildPhase section */
		34D381871A14243A007FB8CC /* Frameworks */ = {
			isa = PBXFrameworksBuildPhase;
			buildActionMask = 2147483647;
			files = (
			);
			runOnlyForDeploymentPostprocessing = 0;
		};
		34D3819C1A14243A007FB8CC /* Frameworks */ = {
			isa = PBXFrameworksBuildPhase;
			buildActionMask = 2147483647;
			files = (
			);
			runOnlyForDeploymentPostprocessing = 0;
		};
/* End PBXFrameworksBuildPhase section */

/* Begin PBXGroup section */
		34D381811A14243A007FB8CC = {
			isa = PBXGroup;
			children = (
				34D3818C1A14243A007FB8CC /* Music Rehearsal App */,
				34D381A21A14243A007FB8CC /* Music Rehearsal AppTests */,
				34D3818B1A14243A007FB8CC /* Products */,
			);
			sourceTree = "<group>";
		};
		34D3818B1A14243A007FB8CC /* Products */ = {
			isa = PBXGroup;
			children = (
				34D3818A1A14243A007FB8CC /* Music Rehearsal App.app */,
				34D3819F1A14243A007FB8CC /* Music Rehearsal AppTests.xctest */,
			);
			name = Products;
			sourceTree = "<group>";
		};
		34D3818C1A14243A007FB8CC /* Music Rehearsal App */ = {
			isa = PBXGroup;
			children = (
				34D3818F1A14243A007FB8CC /* AppDelegate.swift */,
				34D381911A14243A007FB8CC /* ViewController.swift */,
				34D381931A14243A007FB8CC /* Main.storyboard */,
				34D381961A14243A007FB8CC /* Images.xcassets */,
				34D381981A14243A007FB8CC /* LaunchScreen.xib */,
				34D3818D1A14243A007FB8CC /* Supporting Files */,
			);
			path = "Music Rehearsal App";
			sourceTree = "<group>";
		};
		34D3818D1A14243A007FB8CC /* Supporting Files */ = {
			isa = PBXGroup;
			children = (
				34D3818E1A14243A007FB8CC /* Info.plist */,
			);
			name = "Supporting Files";
			sourceTree = "<group>";
		};
		34D381A21A14243A007FB8CC /* Music Rehearsal AppTests */ = {
			isa = PBXGroup;
			children = (
				34D381A51A14243A007FB8CC /* Music_Rehearsal_AppTests.swift */,
				34D381A31A14243A007FB8CC /* Supporting Files */,
			);
			path = "Music Rehearsal AppTests";
			sourceTree = "<group>";
		};
		34D381A31A14243A007FB8CC /* Supporting Files */ = {
			isa = PBXGroup;
			children = (
				34D381A41A14243A007FB8CC /* Info.plist */,
			);
			name = "Supporting Files";
			sourceTree = "<group>";
		};
/* End PBXGroup section */

/* Begin PBXNativeTarget section */
		34D381891A14243A007FB8CC /* Music Rehearsal App */ = {
			isa = PBXNativeTarget;
			buildConfigurationList = 34D381A91A14243A007FB8CC /* Build configuration list for PBXNativeTarget "Music Rehearsal App" */;
			buildPhases = (
				34D381861A14243A007FB8CC /* Sources */,
				34D381871A14243A007FB8CC /* Frameworks */,
				34D381881A14243A007FB8CC /* Resources */,
			);
			buildRules = (
			);
			dependencies = (
			);
			name = "Music Rehearsal App";
			productName = "Music Rehearsal App";
			productReference = 34D3818A1A14243A007FB8CC /* Music Rehearsal App.app */;
			productType = "com.apple.product-type.application";
		};
		34D3819E1A14243A007FB8CC /* Music Rehearsal AppTests */ = {
			isa = PBXNativeTarget;
			buildConfigurationList = 34D381AC1A14243A007FB8CC /* Build configuration list for PBXNativeTarget "Music Rehearsal AppTests" */;
			buildPhases = (
				34D3819B1A14243A007FB8CC /* Sources */,
				34D3819C1A14243A007FB8CC /* Frameworks */,
				34D3819D1A14243A007FB8CC /* Resources */,
			);
			buildRules = (
			);
			dependencies = (
				34D381A11A14243A007FB8CC /* PBXTargetDependency */,
			);
			name = "Music Rehearsal AppTests";
			productName = "Music Rehearsal AppTests";
			productReference = 34D3819F1A14243A007FB8CC /* Music Rehearsal AppTests.xctest */;
			productType = "com.apple.product-type.bundle.unit-test";
		};
/* End PBXNativeTarget section */

/* Begin PBXProject section */
		34D381821A14243A007FB8CC /* Project object */ = {
			isa = PBXProject;
			attributes = {
				LastUpgradeCheck = 0610;
				ORGANIZATIONNAME = "Rapp Team";
				TargetAttributes = {
					34D381891A14243A007FB8CC = {
						CreatedOnToolsVersion = 6.1;
					};
					34D3819E1A14243A007FB8CC = {
						CreatedOnToolsVersion = 6.1;
						TestTargetID = 34D381891A14243A007FB8CC;
					};
				};
			};
			buildConfigurationList = 34D381851A14243A007FB8CC /* Build configuration list for PBXProject "Music Rehearsal App" */;
			compatibilityVersion = "Xcode 3.2";
			developmentRegion = English;
			hasScannedForEncodings = 0;
			knownRegions = (
				en,
				Base,
			);
			mainGroup = 34D381811A14243A007FB8CC;
			productRefGroup = 34D3818B1A14243A007FB8CC /* Products */;
			projectDirPath = "";
			projectRoot = "";
			targets = (
				34D381891A14243A007FB8CC /* Music Rehearsal App */,
				34D3819E1A14243A007FB8CC /* Music Rehearsal AppTests */,
			);
		};
/* End PBXProject section */

/* Begin PBXResourcesBuildPhase section */
		34D381881A14243A007FB8CC /* Resources */ = {
			isa = PBXResourcesBuildPhase;
			buildActionMask = 2147483647;
			files = (
				34D381951A14243A007FB8CC /* Main.storyboard in Resources */,
				34D3819A1A14243A007FB8CC /* LaunchScreen.xib in Resources */,
				34D381971A14243A007FB8CC /* Images.xcassets in Resources */,
			);
			runOnlyForDeploymentPostprocessing = 0;
		};
		34D3819D1A14243A007FB8CC /* Resources */ = {
			isa = PBXResourcesBuildPhase;
			buildActionMask = 2147483647;
			files = (
			);
			runOnlyForDeploymentPostprocessing = 0;
		};
/* End PBXResourcesBuildPhase section */

/* Begin PBXSourcesBuildPhase section */
		34D381861A14243A007FB8CC /* Sources */ = {
			isa = PBXSourcesBuildPhase;
			buildActionMask = 2147483647;
			files = (
				34D381921A14243A007FB8CC /* ViewController.swift in Sources */,
				34D381901A14243A007FB8CC /* AppDelegate.swift in Sources */,
			);
			runOnlyForDeploymentPostprocessing = 0;
		};
		34D3819B1A14243A007FB8CC /* Sources */ = {
			isa = PBXSourcesBuildPhase;
			buildActionMask = 2147483647;
			files = (
				34D381A61A14243A007FB8CC /* Music_Rehearsal_AppTests.swift in Sources */,
			);
			runOnlyForDeploymentPostprocessing = 0;
		};
/* End PBXSourcesBuildPhase section */

/* Begin PBXTargetDependency section */
		34D381A11A14243A007FB8CC /* PBXTargetDependency */ = {
			isa = PBXTargetDependency;
			target = 34D381891A14243A007FB8CC /* Music Rehearsal App */;
			targetProxy = 34D381A01A14243A007FB8CC /* PBXContainerItemProxy */;
		};
/* End PBXTargetDependency section */

/* Begin PBXVariantGroup section */
		34D381931A14243A007FB8CC /* Main.storyboard */ = {
			isa = PBXVariantGroup;
			children = (
				34D381941A14243A007FB8CC /* Base */,
			);
			name = Main.storyboard;
			sourceTree = "<group>";
		};
		34D381981A14243A007FB8CC /* LaunchScreen.xib */ = {
			isa = PBXVariantGroup;
			children = (
				34D381991A14243A007FB8CC /* Base */,
			);
			name = LaunchScreen.xib;
			sourceTree = "<group>";
		};
/* End PBXVariantGroup section */

/* Begin XCBuildConfiguration section */
		34D381A71A14243A007FB8CC /* Debug */ = {
			isa = XCBuildConfiguration;
			buildSettings = {
				ALWAYS_SEARCH_USER_PATHS = NO;
				CLANG_CXX_LANGUAGE_STANDARD = "gnu++0x";
				CLANG_CXX_LIBRARY = "libc++";
				CLANG_ENABLE_MODULES = YES;
				CLANG_ENABLE_OBJC_ARC = YES;
				CLANG_WARN_BOOL_CONVERSION = YES;
				CLANG_WARN_CONSTANT_CONVERSION = YES;
				CLANG_WARN_DIRECT_OBJC_ISA_USAGE = YES_ERROR;
				CLANG_WARN_EMPTY_BODY = YES;
				CLANG_WARN_ENUM_CONVERSION = YES;
				CLANG_WARN_INT_CONVERSION = YES;
				CLANG_WARN_OBJC_ROOT_CLASS = YES_ERROR;
				CLANG_WARN_UNREACHABLE_CODE = YES;
				CLANG_WARN__DUPLICATE_METHOD_MATCH = YES;
				"CODE_SIGN_IDENTITY[sdk=iphoneos*]" = "iPhone Developer";
				COPY_PHASE_STRIP = NO;
				ENABLE_STRICT_OBJC_MSGSEND = YES;
				GCC_C_LANGUAGE_STANDARD = gnu99;
				GCC_DYNAMIC_NO_PIC = NO;
				GCC_OPTIMIZATION_LEVEL = 0;
				GCC_PREPROCESSOR_DEFINITIONS = (
					"DEBUG=1",
					"$(inherited)",
				);
				GCC_SYMBOLS_PRIVATE_EXTERN = NO;
				GCC_WARN_64_TO_32_BIT_CONVERSION = YES;
				GCC_WARN_ABOUT_RETURN_TYPE = YES_ERROR;
				GCC_WARN_UNDECLARED_SELECTOR = YES;
				GCC_WARN_UNINITIALIZED_AUTOS = YES_AGGRESSIVE;
				GCC_WARN_UNUSED_FUNCTION = YES;
				GCC_WARN_UNUSED_VARIABLE = YES;
				IPHONEOS_DEPLOYMENT_TARGET = 8.1;
				MTL_ENABLE_DEBUG_INFO = YES;
				ONLY_ACTIVE_ARCH = YES;
				SDKROOT = iphoneos;
				SWIFT_OPTIMIZATION_LEVEL = "-Onone";
				TARGETED_DEVICE_FAMILY = "1,2";
			};
			name = Debug;
		};
		34D381A81A14243A007FB8CC /* Release */ = {
			isa = XCBuildConfiguration;
			buildSettings = {
				ALWAYS_SEARCH_USER_PATHS = NO;
				CLANG_CXX_LANGUAGE_STANDARD = "gnu++0x";
				CLANG_CXX_LIBRARY = "libc++";
				CLANG_ENABLE_MODULES = YES;
				CLANG_ENABLE_OBJC_ARC = YES;
				CLANG_WARN_BOOL_CONVERSION = YES;
				CLANG_WARN_CONSTANT_CONVERSION = YES;
				CLANG_WARN_DIRECT_OBJC_ISA_USAGE = YES_ERROR;
				CLANG_WARN_EMPTY_BODY = YES;
				CLANG_WARN_ENUM_CONVERSION = YES;
				CLANG_WARN_INT_CONVERSION = YES;
				CLANG_WARN_OBJC_ROOT_CLASS = YES_ERROR;
				CLANG_WARN_UNREACHABLE_CODE = YES;
				CLANG_WARN__DUPLICATE_METHOD_MATCH = YES;
				"CODE_SIGN_IDENTITY[sdk=iphoneos*]" = "iPhone Developer";
				COPY_PHASE_STRIP = YES;
				ENABLE_NS_ASSERTIONS = NO;
				ENABLE_STRICT_OBJC_MSGSEND = YES;
				GCC_C_LANGUAGE_STANDARD = gnu99;
				GCC_WARN_64_TO_32_BIT_CONVERSION = YES;
				GCC_WARN_ABOUT_RETURN_TYPE = YES_ERROR;
				GCC_WARN_UNDECLARED_SELECTOR = YES;
				GCC_WARN_UNINITIALIZED_AUTOS = YES_AGGRESSIVE;
				GCC_WARN_UNUSED_FUNCTION = YES;
				GCC_WARN_UNUSED_VARIABLE = YES;
				IPHONEOS_DEPLOYMENT_TARGET = 8.1;
				MTL_ENABLE_DEBUG_INFO = NO;
				SDKROOT = iphoneos;
				TARGETED_DEVICE_FAMILY = "1,2";
				VALIDATE_PRODUCT = YES;
			};
			name = Release;
		};
		34D381AA1A14243A007FB8CC /* Debug */ = {
			isa = XCBuildConfiguration;
			buildSettings = {
				ASSETCATALOG_COMPILER_APPICON_NAME = AppIcon;
				INFOPLIST_FILE = "Music Rehearsal App/Info.plist";
				LD_RUNPATH_SEARCH_PATHS = "$(inherited) @executable_path/Frameworks";
				PRODUCT_NAME = "$(TARGET_NAME)";
			};
			name = Debug;
		};
		34D381AB1A14243A007FB8CC /* Release */ = {
			isa = XCBuildConfiguration;
			buildSettings = {
				ASSETCATALOG_COMPILER_APPICON_NAME = AppIcon;
				INFOPLIST_FILE = "Music Rehearsal App/Info.plist";
				LD_RUNPATH_SEARCH_PATHS = "$(inherited) @executable_path/Frameworks";
				PRODUCT_NAME = "$(TARGET_NAME)";
			};
			name = Release;
		};
		34D381AD1A14243A007FB8CC /* Debug */ = {
			isa = XCBuildConfiguration;
			buildSettings = {
				BUNDLE_LOADER = "$(TEST_HOST)";
				FRAMEWORK_SEARCH_PATHS = (
					"$(SDKROOT)/Developer/Library/Frameworks",
					"$(inherited)",
				);
				GCC_PREPROCESSOR_DEFINITIONS = (
					"DEBUG=1",
					"$(inherited)",
				);
				INFOPLIST_FILE = "Music Rehearsal AppTests/Info.plist";
				LD_RUNPATH_SEARCH_PATHS = "$(inherited) @executable_path/Frameworks @loader_path/Frameworks";
				PRODUCT_NAME = "$(TARGET_NAME)";
				TEST_HOST = "$(BUILT_PRODUCTS_DIR)/Music Rehearsal App.app/Music Rehearsal App";
			};
			name = Debug;
		};
		34D381AE1A14243A007FB8CC /* Release */ = {
			isa = XCBuildConfiguration;
			buildSettings = {
				BUNDLE_LOADER = "$(TEST_HOST)";
				FRAMEWORK_SEARCH_PATHS = (
					"$(SDKROOT)/Developer/Library/Frameworks",
					"$(inherited)",
				);
				INFOPLIST_FILE = "Music Rehearsal AppTests/Info.plist";
				LD_RUNPATH_SEARCH_PATHS = "$(inherited) @executable_path/Frameworks @loader_path/Frameworks";
				PRODUCT_NAME = "$(TARGET_NAME)";
				TEST_HOST = "$(BUILT_PRODUCTS_DIR)/Music Rehearsal App.app/Music Rehearsal App";
			};
			name = Release;
		};
/* End XCBuildConfiguration section */

/* Begin XCConfigurationList section */
		34D381851A14243A007FB8CC /* Build configuration list for PBXProject "Music Rehearsal App" */ = {
			isa = XCConfigurationList;
			buildConfigurations = (
				34D381A71A14243A007FB8CC /* Debug */,
				34D381A81A14243A007FB8CC /* Release */,
			);
			defaultConfigurationIsVisible = 0;
			defaultConfigurationName = Release;
		};
		34D381A91A14243A007FB8CC /* Build configuration list for PBXNativeTarget "Music Rehearsal App" */ = {
			isa = XCConfigurationList;
			buildConfigurations = (
				34D381AA1A14243A007FB8CC /* Debug */,
				34D381AB1A14243A007FB8CC /* Release */,
			);
			defaultConfigurationIsVisible = 0;
		};
		34D381AC1A14243A007FB8CC /* Build configuration list for PBXNativeTarget "Music Rehearsal AppTests" */ = {
			isa = XCConfigurationList;
			buildConfigurations = (
				34D381AD1A14243A007FB8CC /* Debug */,
				34D381AE1A14243A007FB8CC /* Release */,
			);
			defaultConfigurationIsVisible = 0;
		};
/* End XCConfigurationList section */
	};
	rootObject = 34D381821A14243A007FB8CC /* Project object */;
}
